// !$*UTF8*$!
{
	archiveVersion = 1;
	classes = {
	};
	objectVersion = 46;
	objects = {

/* Begin PBXBuildFile section */
		830DC63D191AD4AD008C9557 /* rule_set_test.cpp in Sources */ = {isa = PBXBuildFile; fileRef = 830DC63C191AD4AD008C9557 /* rule_set_test.cpp */; };
		832930BD17C8056E005B34A1 /* libfuzzy.dylib in Frameworks */ = {isa = PBXBuildFile; fileRef = 830518F317C8038D004DC675 /* libfuzzy.dylib */; settings = {ATTRIBUTES = (Required, ); }; };
		8333A4FD191696730042D79C /* libgtest.dylib in Frameworks */ = {isa = PBXBuildFile; fileRef = 8333A4FC191696730042D79C /* libgtest.dylib */; };
		8333A4FF191696840042D79C /* gtest.framework in Frameworks */ = {isa = PBXBuildFile; fileRef = 8333A4FE191696840042D79C /* gtest.framework */; };
		8333A5031916971A0042D79C /* main.cpp in Sources */ = {isa = PBXBuildFile; fileRef = 8333A5021916971A0042D79C /* main.cpp */; };
		8333A505191698AE0042D79C /* trapezoid.cpp in Sources */ = {isa = PBXBuildFile; fileRef = 836509B517E8F1260085342D /* trapezoid.cpp */; };
		8333A506191698B10042D79C /* rule.cpp in Sources */ = {isa = PBXBuildFile; fileRef = 836509B417E8F1260085342D /* rule.cpp */; };
		8333A507191698B40042D79C /* rule_set.cpp in Sources */ = {isa = PBXBuildFile; fileRef = 836509B317E8F1260085342D /* rule_set.cpp */; };
		8333A50A1916AEE40042D79C /* trapezoid_test.cpp in Sources */ = {isa = PBXBuildFile; fileRef = 8333A5091916AEE40042D79C /* trapezoid_test.cpp */; };
		8333A50C1916CCAA0042D79C /* rule_test.cpp in Sources */ = {isa = PBXBuildFile; fileRef = 8333A50B1916CCAA0042D79C /* rule_test.cpp */; };
		836509AE17E8F1160085342D /* rule_set.h in Headers */ = {isa = PBXBuildFile; fileRef = 836509A917E8F1160085342D /* rule_set.h */; };
		836509AF17E8F1160085342D /* rule.h in Headers */ = {isa = PBXBuildFile; fileRef = 836509AA17E8F1160085342D /* rule.h */; };
		836509B017E8F1160085342D /* trapezoid.h in Headers */ = {isa = PBXBuildFile; fileRef = 836509AB17E8F1160085342D /* trapezoid.h */; };
		836509B817E8F1260085342D /* rule_set.cpp in Sources */ = {isa = PBXBuildFile; fileRef = 836509B317E8F1260085342D /* rule_set.cpp */; };
		836509B917E8F1260085342D /* rule.cpp in Sources */ = {isa = PBXBuildFile; fileRef = 836509B417E8F1260085342D /* rule.cpp */; };
		836509BA17E8F1260085342D /* trapezoid.cpp in Sources */ = {isa = PBXBuildFile; fileRef = 836509B517E8F1260085342D /* trapezoid.cpp */; };
		836509C017E8F1520085342D /* hvac_example.cpp in Sources */ = {isa = PBXBuildFile; fileRef = 836509BC17E8F1360085342D /* hvac_example.cpp */; };
		836509C117E8F1550085342D /* weapon_example.cpp in Sources */ = {isa = PBXBuildFile; fileRef = 836509BD17E8F1360085342D /* weapon_example.cpp */; };
		83C7E79A17C80AF500F95F8D /* libfuzzy.dylib in Frameworks */ = {isa = PBXBuildFile; fileRef = 830518F317C8038D004DC675 /* libfuzzy.dylib */; };
/* End PBXBuildFile section */

/* Begin PBXContainerItemProxy section */
		83C7E78917C808D600F95F8D /* PBXContainerItemProxy */ = {
			isa = PBXContainerItemProxy;
			containerPortal = 832EEB5317C296BF0022C8FF /* Project object */;
			proxyType = 1;
			remoteGlobalIDString = 830518F217C8038D004DC675;
			remoteInfo = fuzzy;
		};
		83C7E79817C80AEC00F95F8D /* PBXContainerItemProxy */ = {
			isa = PBXContainerItemProxy;
			containerPortal = 832EEB5317C296BF0022C8FF /* Project object */;
			proxyType = 1;
			remoteGlobalIDString = 830518F217C8038D004DC675;
			remoteInfo = fuzzy;
		};
/* End PBXContainerItemProxy section */

/* Begin PBXCopyFilesBuildPhase section */
		832930B217C80563005B34A1 /* CopyFiles */ = {
			isa = PBXCopyFilesBuildPhase;
			buildActionMask = 2147483647;
			dstPath = /usr/share/man/man1;
			dstSubfolderSpec = 0;
			files = (
			);
			runOnlyForDeploymentPostprocessing = 1;
		};
		8333A4F1191695B80042D79C /* CopyFiles */ = {
			isa = PBXCopyFilesBuildPhase;
			buildActionMask = 2147483647;
			dstPath = /usr/share/man/man1/;
			dstSubfolderSpec = 0;
			files = (
			);
			runOnlyForDeploymentPostprocessing = 1;
		};
		83C7E78D17C80ACF00F95F8D /* CopyFiles */ = {
			isa = PBXCopyFilesBuildPhase;
			buildActionMask = 2147483647;
			dstPath = /usr/share/man/man1/;
			dstSubfolderSpec = 0;
			files = (
			);
			runOnlyForDeploymentPostprocessing = 1;
		};
/* End PBXCopyFilesBuildPhase section */

/* Begin PBXFileReference section */
		830518F317C8038D004DC675 /* libfuzzy.dylib */ = {isa = PBXFileReference; explicitFileType = "compiled.mach-o.dylib"; includeInIndex = 0; path = libfuzzy.dylib; sourceTree = BUILT_PRODUCTS_DIR; };
		830DC63C191AD4AD008C9557 /* rule_set_test.cpp */ = {isa = PBXFileReference; fileEncoding = 4; lastKnownFileType = sourcecode.cpp.cpp; name = rule_set_test.cpp; path = tests/rule_set_test.cpp; sourceTree = "<group>"; };
		832930B417C80563005B34A1 /* hvac_example */ = {isa = PBXFileReference; explicitFileType = "compiled.mach-o.executable"; includeInIndex = 0; path = hvac_example; sourceTree = BUILT_PRODUCTS_DIR; };
		8333A4F3191695B80042D79C /* fuzzy_tests */ = {isa = PBXFileReference; explicitFileType = "compiled.mach-o.executable"; includeInIndex = 0; path = fuzzy_tests; sourceTree = BUILT_PRODUCTS_DIR; };
		8333A4FC191696730042D79C /* libgtest.dylib */ = {isa = PBXFileReference; lastKnownFileType = "compiled.mach-o.dylib"; name = libgtest.dylib; path = "../../build/ext/googletest-read-only/libgtest.dylib"; sourceTree = "<group>"; };
		8333A4FE191696840042D79C /* gtest.framework */ = {isa = PBXFileReference; lastKnownFileType = wrapper.framework; name = gtest.framework; path = ../../gtest.framework; sourceTree = "<group>"; };
		8333A5021916971A0042D79C /* main.cpp */ = {isa = PBXFileReference; fileEncoding = 4; lastKnownFileType = sourcecode.cpp.cpp; name = main.cpp; path = tests/main.cpp; sourceTree = "<group>"; };
		8333A5091916AEE40042D79C /* trapezoid_test.cpp */ = {isa = PBXFileReference; fileEncoding = 4; lastKnownFileType = sourcecode.cpp.cpp; name = trapezoid_test.cpp; path = tests/trapezoid_test.cpp; sourceTree = "<group>"; };
		8333A50B1916CCAA0042D79C /* rule_test.cpp */ = {isa = PBXFileReference; fileEncoding = 4; lastKnownFileType = sourcecode.cpp.cpp; name = rule_test.cpp; path = tests/rule_test.cpp; sourceTree = "<group>"; };
		836509A917E8F1160085342D /* rule_set.h */ = {isa = PBXFileReference; fileEncoding = 4; lastKnownFileType = sourcecode.c.h; name = rule_set.h; path = src/rule_set.h; sourceTree = SOURCE_ROOT; };
		836509AA17E8F1160085342D /* rule.h */ = {isa = PBXFileReference; fileEncoding = 4; lastKnownFileType = sourcecode.c.h; name = rule.h; path = src/rule.h; sourceTree = SOURCE_ROOT; };
		836509AB17E8F1160085342D /* trapezoid.h */ = {isa = PBXFileReference; fileEncoding = 4; lastKnownFileType = sourcecode.c.h; name = trapezoid.h; path = src/trapezoid.h; sourceTree = SOURCE_ROOT; };
		836509B317E8F1260085342D /* rule_set.cpp */ = {isa = PBXFileReference; fileEncoding = 4; lastKnownFileType = sourcecode.cpp.cpp; name = rule_set.cpp; path = src/rule_set.cpp; sourceTree = SOURCE_ROOT; };
		836509B417E8F1260085342D /* rule.cpp */ = {isa = PBXFileReference; fileEncoding = 4; lastKnownFileType = sourcecode.cpp.cpp; name = rule.cpp; path = src/rule.cpp; sourceTree = SOURCE_ROOT; };
		836509B517E8F1260085342D /* trapezoid.cpp */ = {isa = PBXFileReference; fileEncoding = 4; lastKnownFileType = sourcecode.cpp.cpp; name = trapezoid.cpp; path = src/trapezoid.cpp; sourceTree = SOURCE_ROOT; };
		836509BC17E8F1360085342D /* hvac_example.cpp */ = {isa = PBXFileReference; fileEncoding = 4; lastKnownFileType = sourcecode.cpp.cpp; name = hvac_example.cpp; path = examples/hvac_example.cpp; sourceTree = "<group>"; };
		836509BD17E8F1360085342D /* weapon_example.cpp */ = {isa = PBXFileReference; fileEncoding = 4; lastKnownFileType = sourcecode.cpp.cpp; name = weapon_example.cpp; path = examples/weapon_example.cpp; sourceTree = "<group>"; };
		83C7E78F17C80ACF00F95F8D /* weapon_example */ = {isa = PBXFileReference; explicitFileType = "compiled.mach-o.executable"; includeInIndex = 0; path = weapon_example; sourceTree = BUILT_PRODUCTS_DIR; };
		83C7E79B17C8126D00F95F8D /* CHANGELOG.md */ = {isa = PBXFileReference; lastKnownFileType = text; path = CHANGELOG.md; sourceTree = "<group>"; };
		83C7E79C17C8126D00F95F8D /* LICENSE */ = {isa = PBXFileReference; lastKnownFileType = text; path = LICENSE; sourceTree = "<group>"; };
		83C7E79D17C8126D00F95F8D /* README.md */ = {isa = PBXFileReference; lastKnownFileType = text; path = README.md; sourceTree = "<group>"; };
/* End PBXFileReference section */

/* Begin PBXFrameworksBuildPhase section */
		830518F017C8038D004DC675 /* Frameworks */ = {
			isa = PBXFrameworksBuildPhase;
			buildActionMask = 2147483647;
			files = (
			);
			runOnlyForDeploymentPostprocessing = 0;
		};
		832930B117C80563005B34A1 /* Frameworks */ = {
			isa = PBXFrameworksBuildPhase;
			buildActionMask = 2147483647;
			files = (
				832930BD17C8056E005B34A1 /* libfuzzy.dylib in Frameworks */,
			);
			runOnlyForDeploymentPostprocessing = 0;
		};
		8333A4F0191695B80042D79C /* Frameworks */ = {
			isa = PBXFrameworksBuildPhase;
			buildActionMask = 2147483647;
			files = (
				8333A4FF191696840042D79C /* gtest.framework in Frameworks */,
				8333A4FD191696730042D79C /* libgtest.dylib in Frameworks */,
			);
			runOnlyForDeploymentPostprocessing = 0;
		};
		83C7E78C17C80ACF00F95F8D /* Frameworks */ = {
			isa = PBXFrameworksBuildPhase;
			buildActionMask = 2147483647;
			files = (
				83C7E79A17C80AF500F95F8D /* libfuzzy.dylib in Frameworks */,
			);
			runOnlyForDeploymentPostprocessing = 0;
		};
/* End PBXFrameworksBuildPhase section */

/* Begin PBXGroup section */
		832EEB5217C296BF0022C8FF = {
			isa = PBXGroup;
			children = (
				8333A4FE191696840042D79C /* gtest.framework */,
				8333A4FC191696730042D79C /* libgtest.dylib */,
				83C7E79B17C8126D00F95F8D /* CHANGELOG.md */,
				83C7E79C17C8126D00F95F8D /* LICENSE */,
				83C7E79D17C8126D00F95F8D /* README.md */,
				832EEB5D17C296BF0022C8FF /* Source Code */,
				8333A4EE1916944C0042D79C /* Tests */,
				8399C06117DA3F92004EFD52 /* Examples */,
				832EEB5C17C296BF0022C8FF /* Products */,
			);
			sourceTree = "<group>";
		};
		832EEB5C17C296BF0022C8FF /* Products */ = {
			isa = PBXGroup;
			children = (
				830518F317C8038D004DC675 /* libfuzzy.dylib */,
				832930B417C80563005B34A1 /* hvac_example */,
				83C7E78F17C80ACF00F95F8D /* weapon_example */,
				8333A4F3191695B80042D79C /* fuzzy_tests */,
			);
			name = Products;
			sourceTree = "<group>";
		};
		832EEB5D17C296BF0022C8FF /* Source Code */ = {
			isa = PBXGroup;
			children = (
				8399C05F17DA3F6D004EFD52 /* headers */,
				8399C06017DA3F7F004EFD52 /* source */,
			);
			name = "Source Code";
			path = fam;
			sourceTree = "<group>";
		};
		8333A4EE1916944C0042D79C /* Tests */ = {
			isa = PBXGroup;
			children = (
				8333A5021916971A0042D79C /* main.cpp */,
				8333A5091916AEE40042D79C /* trapezoid_test.cpp */,
				8333A50B1916CCAA0042D79C /* rule_test.cpp */,
				830DC63C191AD4AD008C9557 /* rule_set_test.cpp */,
			);
			name = Tests;
			sourceTree = "<group>";
		};
		8399C05F17DA3F6D004EFD52 /* headers */ = {
			isa = PBXGroup;
			children = (
				836509A917E8F1160085342D /* rule_set.h */,
				836509AA17E8F1160085342D /* rule.h */,
				836509AB17E8F1160085342D /* trapezoid.h */,
			);
			name = headers;
			sourceTree = "<group>";
		};
		8399C06017DA3F7F004EFD52 /* source */ = {
			isa = PBXGroup;
			children = (
				836509B317E8F1260085342D /* rule_set.cpp */,
				836509B417E8F1260085342D /* rule.cpp */,
				836509B517E8F1260085342D /* trapezoid.cpp */,
			);
			name = source;
			sourceTree = "<group>";
		};
		8399C06117DA3F92004EFD52 /* Examples */ = {
			isa = PBXGroup;
			children = (
				836509BC17E8F1360085342D /* hvac_example.cpp */,
				836509BD17E8F1360085342D /* weapon_example.cpp */,
			);
			name = Examples;
			sourceTree = "<group>";
		};
/* End PBXGroup section */

/* Begin PBXHeadersBuildPhase section */
		830518F117C8038D004DC675 /* Headers */ = {
			isa = PBXHeadersBuildPhase;
			buildActionMask = 2147483647;
			files = (
				836509AF17E8F1160085342D /* rule.h in Headers */,
				836509AE17E8F1160085342D /* rule_set.h in Headers */,
				836509B017E8F1160085342D /* trapezoid.h in Headers */,
			);
			runOnlyForDeploymentPostprocessing = 0;
		};
/* End PBXHeadersBuildPhase section */

/* Begin PBXNativeTarget section */
		830518F217C8038D004DC675 /* fuzzy */ = {
			isa = PBXNativeTarget;
			buildConfigurationList = 830518F417C8038D004DC675 /* Build configuration list for PBXNativeTarget "fuzzy" */;
			buildPhases = (
				830518EF17C8038D004DC675 /* Sources */,
				830518F017C8038D004DC675 /* Frameworks */,
				830518F117C8038D004DC675 /* Headers */,
			);
			buildRules = (
			);
			dependencies = (
			);
			name = fuzzy;
			productName = fuzzy;
			productReference = 830518F317C8038D004DC675 /* libfuzzy.dylib */;
			productType = "com.apple.product-type.library.dynamic";
		};
		832930B317C80563005B34A1 /* hvac_example */ = {
			isa = PBXNativeTarget;
			buildConfigurationList = 832930BA17C80563005B34A1 /* Build configuration list for PBXNativeTarget "hvac_example" */;
			buildPhases = (
				832930B017C80563005B34A1 /* Sources */,
				832930B117C80563005B34A1 /* Frameworks */,
				832930B217C80563005B34A1 /* CopyFiles */,
			);
			buildRules = (
			);
			dependencies = (
				83C7E78A17C808D600F95F8D /* PBXTargetDependency */,
			);
			name = hvac_example;
			productName = hvac_example;
			productReference = 832930B417C80563005B34A1 /* hvac_example */;
			productType = "com.apple.product-type.tool";
		};
		8333A4F2191695B80042D79C /* fuzzy_tests */ = {
			isa = PBXNativeTarget;
			buildConfigurationList = 8333A4F9191695B80042D79C /* Build configuration list for PBXNativeTarget "fuzzy_tests" */;
			buildPhases = (
				8333A4EF191695B80042D79C /* Sources */,
				8333A4F0191695B80042D79C /* Frameworks */,
				8333A4F1191695B80042D79C /* CopyFiles */,
			);
			buildRules = (
			);
			dependencies = (
			);
			name = fuzzy_tests;
			productName = fuzzy_tests;
			productReference = 8333A4F3191695B80042D79C /* fuzzy_tests */;
			productType = "com.apple.product-type.tool";
		};
		83C7E78E17C80ACF00F95F8D /* weapon_example */ = {
			isa = PBXNativeTarget;
			buildConfigurationList = 83C7E79517C80AD000F95F8D /* Build configuration list for PBXNativeTarget "weapon_example" */;
			buildPhases = (
				83C7E78B17C80ACF00F95F8D /* Sources */,
				83C7E78C17C80ACF00F95F8D /* Frameworks */,
				83C7E78D17C80ACF00F95F8D /* CopyFiles */,
			);
			buildRules = (
			);
			dependencies = (
				83C7E79917C80AEC00F95F8D /* PBXTargetDependency */,
			);
			name = weapon_example;
			productName = weapon_example;
			productReference = 83C7E78F17C80ACF00F95F8D /* weapon_example */;
			productType = "com.apple.product-type.tool";
		};
/* End PBXNativeTarget section */

/* Begin PBXProject section */
		832EEB5317C296BF0022C8FF /* Project object */ = {
			isa = PBXProject;
			attributes = {
				LastUpgradeCheck = 0510;
				ORGANIZATIONNAME = "Prylis Inc.";
			};
			buildConfigurationList = 832EEB5617C296BF0022C8FF /* Build configuration list for PBXProject "fam" */;
			compatibilityVersion = "Xcode 3.2";
			developmentRegion = English;
			hasScannedForEncodings = 0;
			knownRegions = (
				en,
			);
			mainGroup = 832EEB5217C296BF0022C8FF;
			productRefGroup = 832EEB5C17C296BF0022C8FF /* Products */;
			projectDirPath = "";
			projectRoot = "";
			targets = (
				830518F217C8038D004DC675 /* fuzzy */,
				832930B317C80563005B34A1 /* hvac_example */,
				83C7E78E17C80ACF00F95F8D /* weapon_example */,
				8333A4F2191695B80042D79C /* fuzzy_tests */,
			);
		};
/* End PBXProject section */

/* Begin PBXSourcesBuildPhase section */
		830518EF17C8038D004DC675 /* Sources */ = {
			isa = PBXSourcesBuildPhase;
			buildActionMask = 2147483647;
			files = (
				836509BA17E8F1260085342D /* trapezoid.cpp in Sources */,
				836509B817E8F1260085342D /* rule_set.cpp in Sources */,
				836509B917E8F1260085342D /* rule.cpp in Sources */,
			);
			runOnlyForDeploymentPostprocessing = 0;
		};
		832930B017C80563005B34A1 /* Sources */ = {
			isa = PBXSourcesBuildPhase;
			buildActionMask = 2147483647;
			files = (
				836509C017E8F1520085342D /* hvac_example.cpp in Sources */,
			);
			runOnlyForDeploymentPostprocessing = 0;
		};
		8333A4EF191695B80042D79C /* Sources */ = {
			isa = PBXSourcesBuildPhase;
			buildActionMask = 2147483647;
			files = (
				8333A5031916971A0042D79C /* main.cpp in Sources */,
				8333A506191698B10042D79C /* rule.cpp in Sources */,
				8333A50C1916CCAA0042D79C /* rule_test.cpp in Sources */,
				830DC63D191AD4AD008C9557 /* rule_set_test.cpp in Sources */,
				8333A507191698B40042D79C /* rule_set.cpp in Sources */,
				8333A505191698AE0042D79C /* trapezoid.cpp in Sources */,
				8333A50A1916AEE40042D79C /* trapezoid_test.cpp in Sources */,
			);
			runOnlyForDeploymentPostprocessing = 0;
		};
		83C7E78B17C80ACF00F95F8D /* Sources */ = {
			isa = PBXSourcesBuildPhase;
			buildActionMask = 2147483647;
			files = (
				836509C117E8F1550085342D /* weapon_example.cpp in Sources */,
			);
			runOnlyForDeploymentPostprocessing = 0;
		};
/* End PBXSourcesBuildPhase section */

/* Begin PBXTargetDependency section */
		83C7E78A17C808D600F95F8D /* PBXTargetDependency */ = {
			isa = PBXTargetDependency;
			target = 830518F217C8038D004DC675 /* fuzzy */;
			targetProxy = 83C7E78917C808D600F95F8D /* PBXContainerItemProxy */;
		};
		83C7E79917C80AEC00F95F8D /* PBXTargetDependency */ = {
			isa = PBXTargetDependency;
			target = 830518F217C8038D004DC675 /* fuzzy */;
			targetProxy = 83C7E79817C80AEC00F95F8D /* PBXContainerItemProxy */;
		};
/* End PBXTargetDependency section */

/* Begin XCBuildConfiguration section */
		830518F517C8038D004DC675 /* Debug */ = {
			isa = XCBuildConfiguration;
			buildSettings = {
				CLANG_CXX_LANGUAGE_STANDARD = "c++0x";
				EXECUTABLE_PREFIX = lib;
				GCC_PREPROCESSOR_DEFINITIONS = (
					"DEBUG=1",
					"$(inherited)",
				);
				PRODUCT_NAME = "$(TARGET_NAME)";
			};
			name = Debug;
		};
		830518F617C8038D004DC675 /* Release */ = {
			isa = XCBuildConfiguration;
			buildSettings = {
				CLANG_CXX_LANGUAGE_STANDARD = "c++0x";
				EXECUTABLE_PREFIX = lib;
				PRODUCT_NAME = "$(TARGET_NAME)";
			};
			name = Release;
		};
		832930BB17C80563005B34A1 /* Debug */ = {
			isa = XCBuildConfiguration;
			buildSettings = {
				CLANG_CXX_LANGUAGE_STANDARD = "gnu++0x";
				GCC_PREPROCESSOR_DEFINITIONS = (
					"DEBUG=1",
					"$(inherited)",
				);
				PRODUCT_NAME = "$(TARGET_NAME)";
				SDKROOT = macosx;
			};
			name = Debug;
		};
		832930BC17C80563005B34A1 /* Release */ = {
			isa = XCBuildConfiguration;
			buildSettings = {
				CLANG_CXX_LANGUAGE_STANDARD = "gnu++0x";
				PRODUCT_NAME = "$(TARGET_NAME)";
				SDKROOT = macosx;
			};
			name = Release;
		};
		832EEB6217C296BF0022C8FF /* Debug */ = {
			isa = XCBuildConfiguration;
			buildSettings = {
				ALWAYS_SEARCH_USER_PATHS = NO;
				CLANG_CXX_LANGUAGE_STANDARD = "c++0x";
				CLANG_CXX_LIBRARY = "libc++";
				CLANG_ENABLE_MODULES = YES;
				CLANG_ENABLE_OBJC_ARC = YES;
				CLANG_WARN_BOOL_CONVERSION = YES;
				CLANG_WARN_CONSTANT_CONVERSION = YES;
				CLANG_WARN_DIRECT_OBJC_ISA_USAGE = YES_ERROR;
				CLANG_WARN_EMPTY_BODY = YES;
				CLANG_WARN_ENUM_CONVERSION = YES;
				CLANG_WARN_INT_CONVERSION = YES;
				CLANG_WARN_OBJC_ROOT_CLASS = YES_ERROR;
				CLANG_WARN__DUPLICATE_METHOD_MATCH = YES;
				COPY_PHASE_STRIP = NO;
				GCC_C_LANGUAGE_STANDARD = gnu99;
				GCC_OPTIMIZATION_LEVEL = 0;
				GCC_PREPROCESSOR_DEFINITIONS = (
					"DEBUG=1",
					"$(inherited)",
				);
				GCC_WARN_64_TO_32_BIT_CONVERSION = YES;
				GCC_WARN_ABOUT_RETURN_TYPE = YES_ERROR;
				GCC_WARN_PEDANTIC = YES;
				GCC_WARN_UNDECLARED_SELECTOR = YES;
				GCC_WARN_UNINITIALIZED_AUTOS = YES;
				GCC_WARN_UNUSED_FUNCTION = YES;
				GCC_WARN_UNUSED_VARIABLE = YES;
				ONLY_ACTIVE_ARCH = YES;
			};
			name = Debug;
		};
		832EEB6317C296BF0022C8FF /* Release */ = {
			isa = XCBuildConfiguration;
			buildSettings = {
				ALWAYS_SEARCH_USER_PATHS = NO;
				CLANG_CXX_LANGUAGE_STANDARD = "c++0x";
				CLANG_CXX_LIBRARY = "libc++";
				CLANG_ENABLE_MODULES = YES;
				CLANG_ENABLE_OBJC_ARC = YES;
				CLANG_WARN_BOOL_CONVERSION = YES;
				CLANG_WARN_CONSTANT_CONVERSION = YES;
				CLANG_WARN_DIRECT_OBJC_ISA_USAGE = YES_ERROR;
				CLANG_WARN_EMPTY_BODY = YES;
				CLANG_WARN_ENUM_CONVERSION = YES;
				CLANG_WARN_INT_CONVERSION = YES;
				CLANG_WARN_OBJC_ROOT_CLASS = YES_ERROR;
				CLANG_WARN__DUPLICATE_METHOD_MATCH = YES;
				COPY_PHASE_STRIP = YES;
				DEBUG_INFORMATION_FORMAT = "dwarf-with-dsym";
				ENABLE_NS_ASSERTIONS = NO;
				GCC_C_LANGUAGE_STANDARD = gnu99;
				GCC_WARN_64_TO_32_BIT_CONVERSION = YES;
				GCC_WARN_ABOUT_RETURN_TYPE = YES_ERROR;
				GCC_WARN_PEDANTIC = YES;
				GCC_WARN_UNDECLARED_SELECTOR = YES;
				GCC_WARN_UNINITIALIZED_AUTOS = YES;
				GCC_WARN_UNUSED_FUNCTION = YES;
				GCC_WARN_UNUSED_VARIABLE = YES;
			};
			name = Release;
		};
		8333A4FA191695B80042D79C /* Debug */ = {
			isa = XCBuildConfiguration;
			buildSettings = {
				CLANG_CXX_LANGUAGE_STANDARD = "gnu++0x";
				FRAMEWORK_SEARCH_PATHS = (
					"$(inherited)",
					/Users/chris/Code/cpp/TriremeServer,
				);
				GCC_DYNAMIC_NO_PIC = NO;
				GCC_ENABLE_OBJC_EXCEPTIONS = YES;
				GCC_PREPROCESSOR_DEFINITIONS = (
					"DEBUG=1",
					"$(inherited)",
				);
				GCC_SYMBOLS_PRIVATE_EXTERN = NO;
				GCC_WARN_UNINITIALIZED_AUTOS = YES_AGGRESSIVE;
				LIBRARY_SEARCH_PATHS = (
					"$(inherited)",
					"/Users/chris/Code/cpp/TriremeServer/build/ext/googletest-read-only",
				);
				MACOSX_DEPLOYMENT_TARGET = 10.9;
				ONLY_ACTIVE_ARCH = YES;
				PRODUCT_NAME = "$(TARGET_NAME)";
				SDKROOT = macosx;
			};
			name = Debug;
		};
		8333A4FB191695B80042D79C /* Release */ = {
			isa = XCBuildConfiguration;
			buildSettings = {
				CLANG_CXX_LANGUAGE_STANDARD = "gnu++0x";
				FRAMEWORK_SEARCH_PATHS = (
					"$(inherited)",
					/Users/chris/Code/cpp/TriremeServer,
				);
				GCC_ENABLE_OBJC_EXCEPTIONS = YES;
				GCC_WARN_UNINITIALIZED_AUTOS = YES_AGGRESSIVE;
				LIBRARY_SEARCH_PATHS = (
					"$(inherited)",
					"/Users/chris/Code/cpp/TriremeServer/build/ext/googletest-read-only",
				);
				MACOSX_DEPLOYMENT_TARGET = 10.9;
				PRODUCT_NAME = "$(TARGET_NAME)";
				SDKROOT = macosx;
			};
			name = Release;
		};
		83C7E79617C80AD000F95F8D /* Debug */ = {
			isa = XCBuildConfiguration;
			buildSettings = {
				CLANG_CXX_LANGUAGE_STANDARD = "gnu++0x";
				GCC_PREPROCESSOR_DEFINITIONS = (
					"DEBUG=1",
					"$(inherited)",
				);
				PRODUCT_NAME = "$(TARGET_NAME)";
				SDKROOT = macosx;
			};
			name = Debug;
		};
		83C7E79717C80AD000F95F8D /* Release */ = {
			isa = XCBuildConfiguration;
			buildSettings = {
				CLANG_CXX_LANGUAGE_STANDARD = "gnu++0x";
				PRODUCT_NAME = "$(TARGET_NAME)";
				SDKROOT = macosx;
			};
			name = Release;
		};
/* End XCBuildConfiguration section */

/* Begin XCConfigurationList section */
		830518F417C8038D004DC675 /* Build configuration list for PBXNativeTarget "fuzzy" */ = {
			isa = XCConfigurationList;
			buildConfigurations = (
				830518F517C8038D004DC675 /* Debug */,
				830518F617C8038D004DC675 /* Release */,
			);
			defaultConfigurationIsVisible = 0;
			defaultConfigurationName = Release;
		};
		832930BA17C80563005B34A1 /* Build configuration list for PBXNativeTarget "hvac_example" */ = {
			isa = XCConfigurationList;
			buildConfigurations = (
				832930BB17C80563005B34A1 /* Debug */,
				832930BC17C80563005B34A1 /* Release */,
			);
			defaultConfigurationIsVisible = 0;
			defaultConfigurationName = Release;
		};
		832EEB5617C296BF0022C8FF /* Build configuration list for PBXProject "fam" */ = {
			isa = XCConfigurationList;
			buildConfigurations = (
				832EEB6217C296BF0022C8FF /* Debug */,
				832EEB6317C296BF0022C8FF /* Release */,
			);
			defaultConfigurationIsVisible = 0;
			defaultConfigurationName = Release;
		};
		8333A4F9191695B80042D79C /* Build configuration list for PBXNativeTarget "fuzzy_tests" */ = {
			isa = XCConfigurationList;
			buildConfigurations = (
				8333A4FA191695B80042D79C /* Debug */,
				8333A4FB191695B80042D79C /* Release */,
			);
			defaultConfigurationIsVisible = 0;
			defaultConfigurationName = Release;
		};
		83C7E79517C80AD000F95F8D /* Build configuration list for PBXNativeTarget "weapon_example" */ = {
			isa = XCConfigurationList;
			buildConfigurations = (
				83C7E79617C80AD000F95F8D /* Debug */,
				83C7E79717C80AD000F95F8D /* Release */,
			);
			defaultConfigurationIsVisible = 0;
			defaultConfigurationName = Release;
		};
/* End XCConfigurationList section */
	};
	rootObject = 832EEB5317C296BF0022C8FF /* Project object */;
}
